
Microsoft Visual Studio Solution File, Format Version 12.00
# Visual Studio Version 16
VisualStudioVersion = 16.0.31729.503
MinimumVisualStudioVersion = 10.0.40219.1
Project("{FAE04EC0-301F-11D3-BF4B-00C04F79EFBC}") = "demo_prog_tours", "TravelInRussia\demo_prog_tours.csproj", "{C3A2C365-0729-449F-8FD4-B83EBE7B9EBD}"
EndProject
Global
	GlobalSection(SolutionConfigurationPlatforms) = preSolution
		Debug|Any CPU = Debug|Any CPU
		Release|Any CPU = Release|Any CPU
	EndGlobalSection
	GlobalSection(ProjectConfigurationPlatforms) = postSolution
		{C3A2C365-0729-449F-8FD4-B83EBE7B9EBD}.Debug|Any CPU.ActiveCfg = Debug|Any CPU
		{C3A2C365-0729-449F-8FD4-B83EBE7B9EBD}.Debug|Any CPU.Build.0 = Debug|Any CPU
		{C3A2C365-0729-449F-8FD4-B83EBE7B9EBD}.Release|Any CPU.ActiveCfg = Release|Any CPU
		{C3A2C365-0729-449F-8FD4-B83EBE7B9EBD}.Release|Any CPU.Build.0 = Release|Any CPU
	EndGlobalSection
	GlobalSection(SolutionProperties) = preSolution
		HideSolutionNode = FALSE
	EndGlobalSection
	GlobalSection(ExtensibilityGlobals) = postSolution
		SolutionGuid = {7B93FB6A-7582-419D-BA70-37DF3479BDCC}
	EndGlobalSection
EndGlobal
